{
  "name": "node-cjs",
  "version": "0.0.0",
  "lockfileVersion": 3,
  "requires": true,
  "packages": {
    "": {
      "version": "0.0.0",
      "dependencies": {
        "webfinger.js": "file:../../.."
      }
    },
    "../../..": {
      "version": "3.0.4",
      "license": "MIT",
      "devDependencies": {
        "@eslint/js": "^10.0.1",
        "@esm-bundle/chai": "^4.3.4-fix.0",
        "@types/node": "^25.6.0",
        "@typescript-eslint/parser": "^8.58.2",
        "@web/test-runner": "^0.20.2",
        "@web/test-runner-puppeteer": "^0.18.0",
        "eslint": "^10.2.0",
        "globals": "^17.5.0",
        "markdown-link-check": "^3.14.2",
        "mocha": "^11.7.5",
        "prettier": "^3.8.3",
        "typedoc": "^0.28.19",
        "typedoc-plugin-markdown": "^4.11.0",
        "typescript": "^6.0.3",
        "typescript-eslint": "^8.58.2"
      }
    },
    "node_modules/webfinger.js": {
      "resolved": "../../..",
      "link": true
    }
  }
}
